
Microsoft Visual Studio Solution File, Format Version 12.00
# Visual Studio Version 17
VisualStudioVersion = 17.3.32811.315
MinimumVisualStudioVersion = 10.0.40219.1
Project("{FAE04EC0-301F-11D3-BF4B-00C04F79EFBC}") = "masterdata.website", "masterdata.website\masterdata.website.csproj", "{0409DDDE-8BB2-4D86-8091-1058BCBEB377}"
EndProject
Global
	GlobalSection(SolutionConfigurationPlatforms) = preSolution
		Debug|Any CPU = Debug|Any CPU
		Release|Any CPU = Release|Any CPU
	EndGlobalSection
	GlobalSection(ProjectConfigurationPlatforms) = postSolution
		{0409DDDE-8BB2-4D86-8091-1058BCBEB377}.Debug|Any CPU.ActiveCfg = Debug|Any CPU
		{0409DDDE-8BB2-4D86-8091-1058BCBEB377}.Debug|Any CPU.Build.0 = Debug|Any CPU
		{0409DDDE-8BB2-4D86-8091-1058BCBEB377}.Release|Any CPU.ActiveCfg = Release|Any CPU
		{0409DDDE-8BB2-4D86-8091-1058BCBEB377}.Release|Any CPU.Build.0 = Release|Any CPU
	EndGlobalSection
	GlobalSection(SolutionProperties) = preSolution
		HideSolutionNode = FALSE
	EndGlobalSection
	GlobalSection(ExtensibilityGlobals) = postSolution
		SolutionGuid = {267C40D1-3041-44A8-BD77-2361BD1F1CD5}
	EndGlobalSection
EndGlobal
